
Microsoft Visual Studio Solution File, Format Version 12.00
# Visual Studio Version 16
VisualStudioVersion = 16.0.30011.22
MinimumVisualStudioVersion = 10.0.40219.1
Project("{9A19103F-16F7-4668-BE54-9A1E7A4F7556}") = "Ashley_MockUp_Store", "Ashley_MockUp_Store.csproj", "{AD2750DA-63B2-46BB-B159-7DC22C5A27CE}"
EndProject
Project("{9A19103F-16F7-4668-BE54-9A1E7A4F7556}") = "Printful Library", "..\Printful Library\Printful Library.csproj", "{203D4A5E-0D6A-4A8E-9F7C-C7377F57A15D}"
EndProject
Global
	GlobalSection(SolutionConfigurationPlatforms) = preSolution
		Debug|Any CPU = Debug|Any CPU
		Release|Any CPU = Release|Any CPU
	EndGlobalSection
	GlobalSection(ProjectConfigurationPlatforms) = postSolution
		{AD2750DA-63B2-46BB-B159-7DC22C5A27CE}.Debug|Any CPU.ActiveCfg = Debug|Any CPU
		{AD2750DA-63B2-46BB-B159-7DC22C5A27CE}.Debug|Any CPU.Build.0 = Debug|Any CPU
		{AD2750DA-63B2-46BB-B159-7DC22C5A27CE}.Release|Any CPU.ActiveCfg = Release|Any CPU
		{AD2750DA-63B2-46BB-B159-7DC22C5A27CE}.Release|Any CPU.Build.0 = Release|Any CPU
		{203D4A5E-0D6A-4A8E-9F7C-C7377F57A15D}.Debug|Any CPU.ActiveCfg = Debug|Any CPU
		{203D4A5E-0D6A-4A8E-9F7C-C7377F57A15D}.Debug|Any CPU.Build.0 = Debug|Any CPU
		{203D4A5E-0D6A-4A8E-9F7C-C7377F57A15D}.Release|Any CPU.ActiveCfg = Release|Any CPU
		{203D4A5E-0D6A-4A8E-9F7C-C7377F57A15D}.Release|Any CPU.Build.0 = Release|Any CPU
	EndGlobalSection
	GlobalSection(SolutionProperties) = preSolution
		HideSolutionNode = FALSE
	EndGlobalSection
	GlobalSection(ExtensibilityGlobals) = postSolution
		SolutionGuid = {87656057-8BCB-4A23-91D1-2A5F1B5F3BFE}
	EndGlobalSection
EndGlobal
